
Microsoft Visual Studio Solution File, Format Version 12.00
# Visual Studio Version 17
VisualStudioVersion = 17.4.33213.308
MinimumVisualStudioVersion = 10.0.40219.1
Project("{FAE04EC0-301F-11D3-BF4B-00C04F79EFBC}") = "Group Assignment 6", "Group Assignment 6\Group Assignment 6.csproj", "{314E1380-5BFC-4BB5-A049-7D16BCDE5C05}"
EndProject
Global
	GlobalSection(SolutionConfigurationPlatforms) = preSolution
		Debug|Any CPU = Debug|Any CPU
		Release|Any CPU = Release|Any CPU
	EndGlobalSection
	GlobalSection(ProjectConfigurationPlatforms) = postSolution
		{314E1380-5BFC-4BB5-A049-7D16BCDE5C05}.Debug|Any CPU.ActiveCfg = Debug|Any CPU
		{314E1380-5BFC-4BB5-A049-7D16BCDE5C05}.Debug|Any CPU.Build.0 = Debug|Any CPU
		{314E1380-5BFC-4BB5-A049-7D16BCDE5C05}.Release|Any CPU.ActiveCfg = Release|Any CPU
		{314E1380-5BFC-4BB5-A049-7D16BCDE5C05}.Release|Any CPU.Build.0 = Release|Any CPU
	EndGlobalSection
	GlobalSection(SolutionProperties) = preSolution
		HideSolutionNode = FALSE
	EndGlobalSection
	GlobalSection(ExtensibilityGlobals) = postSolution
		SolutionGuid = {1C62FB49-42B5-455A-92D5-B1829A015519}
	EndGlobalSection
EndGlobal
